// !$*UTF8*$!
{
	archiveVersion = 1;
	classes = {
	};
	objectVersion = 77;
	objects = {

/* Begin PBXBuildFile section */
		DBDF14742ED0CD4F007178BC /* WidgetKit.framework in Frameworks */ = {isa = PBXBuildFile; fileRef = DBDF14732ED0CD4F007178BC /* WidgetKit.framework */; };
		DBDF14762ED0CD4F007178BC /* SwiftUI.framework in Frameworks */ = {isa = PBXBuildFile; fileRef = DBDF14752ED0CD4F007178BC /* SwiftUI.framework */; };
		DBDF14832ED0CD50007178BC /* LiveActivity.appex in Embed Foundation Extensions */ = {isa = PBXBuildFile; fileRef = DBDF14712ED0CD4F007178BC /* LiveActivity.appex */; settings = {ATTRIBUTES = (RemoveHeadersOnCopy, ); }; };
		DBDF14932ED0D7D0007178BC /* KMPLiveActivity in Frameworks */ = {isa = PBXBuildFile; productRef = DBDF14922ED0D7D0007178BC /* KMPLiveActivity */; };
		DBDF14962ED0D7E5007178BC /* KMPLiveActivity in Frameworks */ = {isa = PBXBuildFile; productRef = DBDF14952ED0D7E5007178BC /* KMPLiveActivity */; };
/* End PBXBuildFile section */

/* Begin PBXContainerItemProxy section */
		DBDF14812ED0CD50007178BC /* PBXContainerItemProxy */ = {
			isa = PBXContainerItemProxy;
			containerPortal = FE98294451A1DB235D63B4AA /* Project object */;
			proxyType = 1;
			remoteGlobalIDString = DBDF14702ED0CD4F007178BC;
			remoteInfo = LiveActivity;
		};
/* End PBXContainerItemProxy section */

/* Begin PBXCopyFilesBuildPhase section */
		DBDF14882ED0CD50007178BC /* Embed Foundation Extensions */ = {
			isa = PBXCopyFilesBuildPhase;
			buildActionMask = 2147483647;
			dstPath = "";
			dstSubfolderSpec = 13;
			files = (
				DBDF14832ED0CD50007178BC /* LiveActivity.appex in Embed Foundation Extensions */,
			);
			name = "Embed Foundation Extensions";
			runOnlyForDeploymentPostprocessing = 0;
		};
/* End PBXCopyFilesBuildPhase section */

/* Begin PBXFileReference section */
		6700AAA0E938A5F778CAD91A /* KMP Live Activity.app */ = {isa = PBXFileReference; explicitFileType = wrapper.application; includeInIndex = 0; path = "KMP Live Activity.app"; sourceTree = BUILT_PRODUCTS_DIR; };
		DBDF14712ED0CD4F007178BC /* LiveActivity.appex */ = {isa = PBXFileReference; explicitFileType = "wrapper.app-extension"; includeInIndex = 0; path = LiveActivity.appex; sourceTree = BUILT_PRODUCTS_DIR; };
		DBDF14732ED0CD4F007178BC /* WidgetKit.framework */ = {isa = PBXFileReference; lastKnownFileType = wrapper.framework; name = WidgetKit.framework; path = System/Library/Frameworks/WidgetKit.framework; sourceTree = SDKROOT; };
		DBDF14752ED0CD4F007178BC /* SwiftUI.framework */ = {isa = PBXFileReference; lastKnownFileType = wrapper.framework; name = SwiftUI.framework; path = System/Library/Frameworks/SwiftUI.framework; sourceTree = SDKROOT; };
/* End PBXFileReference section */

/* Begin PBXFileSystemSynchronizedBuildFileExceptionSet section */
		6F643E56DFBAADBD8B5D0066 /* Exceptions for "Sample" folder in "Sample" target */ = {
			isa = PBXFileSystemSynchronizedBuildFileExceptionSet;
			membershipExceptions = (
				Info.plist,
			);
			target = 952BEC9E82A23F1971FA08B5 /* Sample */;
		};
		DBDF14872ED0CD50007178BC /* Exceptions for "LiveActivity" folder in "LiveActivity" target */ = {
			isa = PBXFileSystemSynchronizedBuildFileExceptionSet;
			membershipExceptions = (
				Info.plist,
			);
			target = DBDF14702ED0CD4F007178BC /* LiveActivity */;
		};
/* End PBXFileSystemSynchronizedBuildFileExceptionSet section */

/* Begin PBXFileSystemSynchronizedRootGroup section */
		23F539A13DF467CC52172C9D /* Configuration */ = {
			isa = PBXFileSystemSynchronizedRootGroup;
			path = Configuration;
			sourceTree = "<group>";
		};
		B99182B53B87AFE050A1E0A9 /* Sample */ = {
			isa = PBXFileSystemSynchronizedRootGroup;
			exceptions = (
				6F643E56DFBAADBD8B5D0066 /* Exceptions for "Sample" folder in "Sample" target */,
			);
			path = Sample;
			sourceTree = "<group>";
		};
		DBDF14772ED0CD4F007178BC /* LiveActivity */ = {
			isa = PBXFileSystemSynchronizedRootGroup;
			exceptions = (
				DBDF14872ED0CD50007178BC /* Exceptions for "LiveActivity" folder in "LiveActivity" target */,
			);
			path = LiveActivity;
			sourceTree = "<group>";
		};
/* End PBXFileSystemSynchronizedRootGroup section */

/* Begin PBXFrameworksBuildPhase section */
		DBDF146E2ED0CD4F007178BC /* Frameworks */ = {
			isa = PBXFrameworksBuildPhase;
			buildActionMask = 2147483647;
			files = (
				DBDF14762ED0CD4F007178BC /* SwiftUI.framework in Frameworks */,
				DBDF14742ED0CD4F007178BC /* WidgetKit.framework in Frameworks */,
				DBDF14962ED0D7E5007178BC /* KMPLiveActivity in Frameworks */,
			);
			runOnlyForDeploymentPostprocessing = 0;
		};
		E567FF4DF819A7E97CBAC058 /* Frameworks */ = {
			isa = PBXFrameworksBuildPhase;
			buildActionMask = 2147483647;
			files = (
				DBDF14932ED0D7D0007178BC /* KMPLiveActivity in Frameworks */,
			);
			runOnlyForDeploymentPostprocessing = 0;
		};
/* End PBXFrameworksBuildPhase section */

/* Begin PBXGroup section */
		17F50040367918954325C5A9 = {
			isa = PBXGroup;
			children = (
				23F539A13DF467CC52172C9D /* Configuration */,
				B99182B53B87AFE050A1E0A9 /* Sample */,
				DBDF14772ED0CD4F007178BC /* LiveActivity */,
				DBDF14722ED0CD4F007178BC /* Frameworks */,
				1A6528D7E08765BD2A9E62D5 /* Products */,
			);
			sourceTree = "<group>";
		};
		1A6528D7E08765BD2A9E62D5 /* Products */ = {
			isa = PBXGroup;
			children = (
				6700AAA0E938A5F778CAD91A /* KMP Live Activity.app */,
				DBDF14712ED0CD4F007178BC /* LiveActivity.appex */,
			);
			name = Products;
			sourceTree = "<group>";
		};
		DBDF14722ED0CD4F007178BC /* Frameworks */ = {
			isa = PBXGroup;
			children = (
				DBDF14732ED0CD4F007178BC /* WidgetKit.framework */,
				DBDF14752ED0CD4F007178BC /* SwiftUI.framework */,
			);
			name = Frameworks;
			sourceTree = "<group>";
		};
/* End PBXGroup section */

/* Begin PBXNativeTarget section */
		952BEC9E82A23F1971FA08B5 /* Sample */ = {
			isa = PBXNativeTarget;
			buildConfigurationList = 4426731625CD145AF499FAB6 /* Build configuration list for PBXNativeTarget "Sample" */;
			buildPhases = (
				6BE72528DE45BB69DBB27F91 /* Compile Kotlin Framework */,
				4DE9604CF80FED094728B72C /* Sources */,
				E567FF4DF819A7E97CBAC058 /* Frameworks */,
				D02B37673236A75C0F4E20BF /* Resources */,
				DBDF14882ED0CD50007178BC /* Embed Foundation Extensions */,
			);
			buildRules = (
			);
			dependencies = (
				DBDF14822ED0CD50007178BC /* PBXTargetDependency */,
			);
			fileSystemSynchronizedGroups = (
				B99182B53B87AFE050A1E0A9 /* Sample */,
			);
			name = Sample;
			packageProductDependencies = (
				DBDF14922ED0D7D0007178BC /* KMPLiveActivity */,
			);
			productName = Sample;
			productReference = 6700AAA0E938A5F778CAD91A /* KMP Live Activity.app */;
			productType = "com.apple.product-type.application";
		};
		DBDF14702ED0CD4F007178BC /* LiveActivity */ = {
			isa = PBXNativeTarget;
			buildConfigurationList = DBDF14842ED0CD50007178BC /* Build configuration list for PBXNativeTarget "LiveActivity" */;
			buildPhases = (
				DBDF146D2ED0CD4F007178BC /* Sources */,
				DBDF146E2ED0CD4F007178BC /* Frameworks */,
				DBDF146F2ED0CD4F007178BC /* Resources */,
			);
			buildRules = (
			);
			dependencies = (
			);
			fileSystemSynchronizedGroups = (
				DBDF14772ED0CD4F007178BC /* LiveActivity */,
			);
			name = LiveActivity;
			packageProductDependencies = (
				DBDF14952ED0D7E5007178BC /* KMPLiveActivity */,
			);
			productName = LiveActivity;
			productReference = DBDF14712ED0CD4F007178BC /* LiveActivity.appex */;
			productType = "com.apple.product-type.app-extension";
		};
/* End PBXNativeTarget section */

/* Begin PBXProject section */
		FE98294451A1DB235D63B4AA /* Project object */ = {
			isa = PBXProject;
			attributes = {
				BuildIndependentTargetsInParallel = 1;
				LastSwiftUpdateCheck = 1640;
				LastUpgradeCheck = 1620;
				TargetAttributes = {
					952BEC9E82A23F1971FA08B5 = {
						CreatedOnToolsVersion = 16.2;
					};
					DBDF14702ED0CD4F007178BC = {
						CreatedOnToolsVersion = 16.4;
					};
				};
			};
			buildConfigurationList = 4044CBC6D276C05D2BD4206A /* Build configuration list for PBXProject "ios" */;
			developmentRegion = en;
			hasScannedForEncodings = 0;
			knownRegions = (
				en,
				Base,
			);
			mainGroup = 17F50040367918954325C5A9;
			minimizedProjectReferenceProxies = 1;
			packageReferences = (
				DBDF14942ED0D7E5007178BC /* XCLocalSwiftPackageReference "../../../kmp-live-activity" */,
			);
			preferredProjectObjectVersion = 77;
			productRefGroup = 1A6528D7E08765BD2A9E62D5 /* Products */;
			projectDirPath = "";
			projectRoot = "";
			targets = (
				952BEC9E82A23F1971FA08B5 /* Sample */,
				DBDF14702ED0CD4F007178BC /* LiveActivity */,
			);
		};
/* End PBXProject section */

/* Begin PBXResourcesBuildPhase section */
		D02B37673236A75C0F4E20BF /* Resources */ = {
			isa = PBXResourcesBuildPhase;
			buildActionMask = 2147483647;
			files = (
			);
			runOnlyForDeploymentPostprocessing = 0;
		};
		DBDF146F2ED0CD4F007178BC /* Resources */ = {
			isa = PBXResourcesBuildPhase;
			buildActionMask = 2147483647;
			files = (
			);
			runOnlyForDeploymentPostprocessing = 0;
		};
/* End PBXResourcesBuildPhase section */

/* Begin PBXShellScriptBuildPhase section */
		6BE72528DE45BB69DBB27F91 /* Compile Kotlin Framework */ = {
			isa = PBXShellScriptBuildPhase;
			alwaysOutOfDate = 1;
			buildActionMask = 2147483647;
			files = (
			);
			inputFileListPaths = (
			);
			inputPaths = (
			);
			name = "Compile Kotlin Framework";
			outputFileListPaths = (
			);
			outputPaths = (
			);
			runOnlyForDeploymentPostprocessing = 0;
			shellPath = /bin/sh;
			shellScript = "if [ \"YES\" = \"$OVERRIDE_KOTLIN_BUILD_IDE_SUPPORTED\" ]; then\n  echo \"Skipping Gradle build task invocation due to OVERRIDE_KOTLIN_BUILD_IDE_SUPPORTED environment variable set to \\\"YES\\\"\"\n  exit 0\nfi\ncd \"$SRCROOT/..\"\n../gradlew :sample:embedAndSignAppleFrameworkForXcode\n";
		};
/* End PBXShellScriptBuildPhase section */

/* Begin PBXSourcesBuildPhase section */
		4DE9604CF80FED094728B72C /* Sources */ = {
			isa = PBXSourcesBuildPhase;
			buildActionMask = 2147483647;
			files = (
			);
			runOnlyForDeploymentPostprocessing = 0;
		};
		DBDF146D2ED0CD4F007178BC /* Sources */ = {
			isa = PBXSourcesBuildPhase;
			buildActionMask = 2147483647;
			files = (
			);
			runOnlyForDeploymentPostprocessing = 0;
		};
/* End PBXSourcesBuildPhase section */

/* Begin PBXTargetDependency section */
		DBDF14822ED0CD50007178BC /* PBXTargetDependency */ = {
			isa = PBXTargetDependency;
			target = DBDF14702ED0CD4F007178BC /* LiveActivity */;
			targetProxy = DBDF14812ED0CD50007178BC /* PBXContainerItemProxy */;
		};
/* End PBXTargetDependency section */

/* Begin XCBuildConfiguration section */
		40433A04DCF7A04329CA0F98 /* Release */ = {
			isa = XCBuildConfiguration;
			buildSettings = {
				ARCHS = arm64;
				ASSETCATALOG_COMPILER_APPICON_NAME = AppIcon;
				ASSETCATALOG_COMPILER_GLOBAL_ACCENT_COLOR_NAME = AccentColor;
				CODE_SIGN_ENTITLEMENTS = Sample/Sample.entitlements;
				CODE_SIGN_IDENTITY = "Apple Development";
				CODE_SIGN_STYLE = Automatic;
				DEVELOPMENT_ASSET_PATHS = "\"Sample/Preview Content\"";
				DEVELOPMENT_TEAM = "${TEAM_ID}";
				ENABLE_PREVIEWS = YES;
				GENERATE_INFOPLIST_FILE = YES;
				INFOPLIST_FILE = Sample/Info.plist;
				INFOPLIST_KEY_UIApplicationSceneManifest_Generation = YES;
				INFOPLIST_KEY_UIApplicationSupportsIndirectInputEvents = YES;
				INFOPLIST_KEY_UILaunchScreen_Generation = YES;
				INFOPLIST_KEY_UISupportedInterfaceOrientations_iPad = "UIInterfaceOrientationPortrait UIInterfaceOrientationPortraitUpsideDown UIInterfaceOrientationLandscapeLeft UIInterfaceOrientationLandscapeRight";
				INFOPLIST_KEY_UISupportedInterfaceOrientations_iPhone = "UIInterfaceOrientationPortrait UIInterfaceOrientationLandscapeLeft UIInterfaceOrientationLandscapeRight";
				LD_RUNPATH_SEARCH_PATHS = (
					"$(inherited)",
					"@executable_path/Frameworks",
				);
				SWIFT_EMIT_LOC_STRINGS = YES;
				SWIFT_VERSION = 5.0;
				TARGETED_DEVICE_FAMILY = "1,2";
			};
			name = Release;
		};
		43E674DD0CD2D0ED746A1736 /* Debug */ = {
			isa = XCBuildConfiguration;
			buildSettings = {
				ARCHS = arm64;
				ASSETCATALOG_COMPILER_APPICON_NAME = AppIcon;
				ASSETCATALOG_COMPILER_GLOBAL_ACCENT_COLOR_NAME = AccentColor;
				CODE_SIGN_ENTITLEMENTS = Sample/Sample.entitlements;
				CODE_SIGN_IDENTITY = "Apple Development";
				CODE_SIGN_STYLE = Automatic;
				DEVELOPMENT_ASSET_PATHS = "\"Sample/Preview Content\"";
				DEVELOPMENT_TEAM = "${TEAM_ID}";
				ENABLE_PREVIEWS = YES;
				GENERATE_INFOPLIST_FILE = YES;
				INFOPLIST_FILE = Sample/Info.plist;
				INFOPLIST_KEY_UIApplicationSceneManifest_Generation = YES;
				INFOPLIST_KEY_UIApplicationSupportsIndirectInputEvents = YES;
				INFOPLIST_KEY_UILaunchScreen_Generation = YES;
				INFOPLIST_KEY_UISupportedInterfaceOrientations_iPad = "UIInterfaceOrientationPortrait UIInterfaceOrientationPortraitUpsideDown UIInterfaceOrientationLandscapeLeft UIInterfaceOrientationLandscapeRight";
				INFOPLIST_KEY_UISupportedInterfaceOrientations_iPhone = "UIInterfaceOrientationPortrait UIInterfaceOrientationLandscapeLeft UIInterfaceOrientationLandscapeRight";
				LD_RUNPATH_SEARCH_PATHS = (
					"$(inherited)",
					"@executable_path/Frameworks",
				);
				SWIFT_EMIT_LOC_STRINGS = YES;
				SWIFT_VERSION = 5.0;
				TARGETED_DEVICE_FAMILY = "1,2";
			};
			name = Debug;
		};
		DBDF14852ED0CD50007178BC /* Debug */ = {
			isa = XCBuildConfiguration;
			buildSettings = {
				ASSETCATALOG_COMPILER_GLOBAL_ACCENT_COLOR_NAME = AccentColor;
				ASSETCATALOG_COMPILER_WIDGET_BACKGROUND_COLOR_NAME = WidgetBackground;
				CODE_SIGN_IDENTITY = "Apple Development";
				CODE_SIGN_STYLE = Automatic;
				CURRENT_PROJECT_VERSION = 1;
				DEVELOPMENT_TEAM = "${TEAM_ID}";
				ENABLE_USER_SCRIPT_SANDBOXING = NO;
				GENERATE_INFOPLIST_FILE = YES;
				INFOPLIST_FILE = LiveActivity/Info.plist;
				INFOPLIST_KEY_NSHumanReadableCopyright = "";
				IPHONEOS_DEPLOYMENT_TARGET = 18.2;
				LD_RUNPATH_SEARCH_PATHS = (
					"$(inherited)",
					"@executable_path/Frameworks",
					"@executable_path/../../Frameworks",
				);
				MARKETING_VERSION = 1.0;
				PRODUCT_BUNDLE_IDENTIFIER = com.swmansion.kmpliveactivity.sample.liveactivity;
				PRODUCT_NAME = "$(TARGET_NAME)";
				SKIP_INSTALL = YES;
				SWIFT_EMIT_LOC_STRINGS = YES;
				SWIFT_VERSION = 5.0;
				TARGETED_DEVICE_FAMILY = "1,2";
			};
			name = Debug;
		};
		DBDF14862ED0CD50007178BC /* Release */ = {
			isa = XCBuildConfiguration;
			buildSettings = {
				ASSETCATALOG_COMPILER_GLOBAL_ACCENT_COLOR_NAME = AccentColor;
				ASSETCATALOG_COMPILER_WIDGET_BACKGROUND_COLOR_NAME = WidgetBackground;
				CODE_SIGN_IDENTITY = "Apple Development";
				CODE_SIGN_STYLE = Automatic;
				CURRENT_PROJECT_VERSION = 1;
				DEVELOPMENT_TEAM = "${TEAM_ID}";
				ENABLE_USER_SCRIPT_SANDBOXING = NO;
				GENERATE_INFOPLIST_FILE = YES;
				INFOPLIST_FILE = LiveActivity/Info.plist;
				INFOPLIST_KEY_NSHumanReadableCopyright = "";
				IPHONEOS_DEPLOYMENT_TARGET = 18.2;
				LD_RUNPATH_SEARCH_PATHS = (
					"$(inherited)",
					"@executable_path/Frameworks",
					"@executable_path/../../Frameworks",
				);
				MARKETING_VERSION = 1.0;
				PRODUCT_BUNDLE_IDENTIFIER = com.swmansion.kmpliveactivity.sample.liveactivity;
				PRODUCT_NAME = "$(TARGET_NAME)";
				SKIP_INSTALL = YES;
				SWIFT_EMIT_LOC_STRINGS = YES;
				SWIFT_VERSION = 5.0;
				TARGETED_DEVICE_FAMILY = "1,2";
			};
			name = Release;
		};
		E33049589AD3732A7E5E69A1 /* Debug */ = {
			isa = XCBuildConfiguration;
			baseConfigurationReferenceAnchor = 23F539A13DF467CC52172C9D /* Configuration */;
			baseConfigurationReferenceRelativePath = Config.xcconfig;
			buildSettings = {
				ALWAYS_SEARCH_USER_PATHS = NO;
				ASSETCATALOG_COMPILER_GENERATE_SWIFT_ASSET_SYMBOL_EXTENSIONS = YES;
				CLANG_ANALYZER_NONNULL = YES;
				CLANG_ANALYZER_NUMBER_OBJECT_CONVERSION = YES_AGGRESSIVE;
				CLANG_CXX_LANGUAGE_STANDARD = "gnu++20";
				CLANG_ENABLE_MODULES = YES;
				CLANG_ENABLE_OBJC_ARC = YES;
				CLANG_ENABLE_OBJC_WEAK = YES;
				CLANG_WARN_BLOCK_CAPTURE_AUTORELEASING = YES;
				CLANG_WARN_BOOL_CONVERSION = YES;
				CLANG_WARN_COMMA = YES;
				CLANG_WARN_CONSTANT_CONVERSION = YES;
				CLANG_WARN_DEPRECATED_OBJC_IMPLEMENTATIONS = YES;
				CLANG_WARN_DIRECT_OBJC_ISA_USAGE = YES_ERROR;
				CLANG_WARN_DOCUMENTATION_COMMENTS = YES;
				CLANG_WARN_EMPTY_BODY = YES;
				CLANG_WARN_ENUM_CONVERSION = YES;
				CLANG_WARN_INFINITE_RECURSION = YES;
				CLANG_WARN_INT_CONVERSION = YES;
				CLANG_WARN_NON_LITERAL_NULL_CONVERSION = YES;
				CLANG_WARN_OBJC_IMPLICIT_RETAIN_SELF = YES;
				CLANG_WARN_OBJC_LITERAL_CONVERSION = YES;
				CLANG_WARN_OBJC_ROOT_CLASS = YES_ERROR;
				CLANG_WARN_QUOTED_INCLUDE_IN_FRAMEWORK_HEADER = YES;
				CLANG_WARN_RANGE_LOOP_ANALYSIS = YES;
				CLANG_WARN_STRICT_PROTOTYPES = YES;
				CLANG_WARN_SUSPICIOUS_MOVE = YES;
				CLANG_WARN_UNGUARDED_AVAILABILITY = YES_AGGRESSIVE;
				CLANG_WARN_UNREACHABLE_CODE = YES;
				CLANG_WARN__DUPLICATE_METHOD_MATCH = YES;
				COPY_PHASE_STRIP = NO;
				DEBUG_INFORMATION_FORMAT = dwarf;
				ENABLE_STRICT_OBJC_MSGSEND = YES;
				ENABLE_TESTABILITY = YES;
				ENABLE_USER_SCRIPT_SANDBOXING = NO;
				GCC_C_LANGUAGE_STANDARD = gnu17;
				GCC_DYNAMIC_NO_PIC = NO;
				GCC_NO_COMMON_BLOCKS = YES;
				GCC_OPTIMIZATION_LEVEL = 0;
				GCC_PREPROCESSOR_DEFINITIONS = (
					"DEBUG=1",
					"$(inherited)",
				);
				GCC_WARN_64_TO_32_BIT_CONVERSION = YES;
				GCC_WARN_ABOUT_RETURN_TYPE = YES_ERROR;
				GCC_WARN_UNDECLARED_SELECTOR = YES;
				GCC_WARN_UNINITIALIZED_AUTOS = YES_AGGRESSIVE;
				GCC_WARN_UNUSED_FUNCTION = YES;
				GCC_WARN_UNUSED_VARIABLE = YES;
				IPHONEOS_DEPLOYMENT_TARGET = 18.2;
				LOCALIZATION_PREFERS_STRING_CATALOGS = YES;
				MTL_ENABLE_DEBUG_INFO = INCLUDE_SOURCE;
				MTL_FAST_MATH = YES;
				ONLY_ACTIVE_ARCH = YES;
				SDKROOT = iphoneos;
				SWIFT_ACTIVE_COMPILATION_CONDITIONS = "DEBUG $(inherited)";
				SWIFT_OPTIMIZATION_LEVEL = "-Onone";
			};
			name = Debug;
		};
		F06950E69B5FEFAC959B3C55 /* Release */ = {
			isa = XCBuildConfiguration;
			baseConfigurationReferenceAnchor = 23F539A13DF467CC52172C9D /* Configuration */;
			baseConfigurationReferenceRelativePath = Config.xcconfig;
			buildSettings = {
				ALWAYS_SEARCH_USER_PATHS = NO;
				ASSETCATALOG_COMPILER_GENERATE_SWIFT_ASSET_SYMBOL_EXTENSIONS = YES;
				CLANG_ANALYZER_NONNULL = YES;
				CLANG_ANALYZER_NUMBER_OBJECT_CONVERSION = YES_AGGRESSIVE;
				CLANG_CXX_LANGUAGE_STANDARD = "gnu++20";
				CLANG_ENABLE_MODULES = YES;
				CLANG_ENABLE_OBJC_ARC = YES;
				CLANG_ENABLE_OBJC_WEAK = YES;
				CLANG_WARN_BLOCK_CAPTURE_AUTORELEASING = YES;
				CLANG_WARN_BOOL_CONVERSION = YES;
				CLANG_WARN_COMMA = YES;
				CLANG_WARN_CONSTANT_CONVERSION = YES;
				CLANG_WARN_DEPRECATED_OBJC_IMPLEMENTATIONS = YES;
				CLANG_WARN_DIRECT_OBJC_ISA_USAGE = YES_ERROR;
				CLANG_WARN_DOCUMENTATION_COMMENTS = YES;
				CLANG_WARN_EMPTY_BODY = YES;
				CLANG_WARN_ENUM_CONVERSION = YES;
				CLANG_WARN_INFINITE_RECURSION = YES;
				CLANG_WARN_INT_CONVERSION = YES;
				CLANG_WARN_NON_LITERAL_NULL_CONVERSION = YES;
				CLANG_WARN_OBJC_IMPLICIT_RETAIN_SELF = YES;
				CLANG_WARN_OBJC_LITERAL_CONVERSION = YES;
				CLANG_WARN_OBJC_ROOT_CLASS = YES_ERROR;
				CLANG_WARN_QUOTED_INCLUDE_IN_FRAMEWORK_HEADER = YES;
				CLANG_WARN_RANGE_LOOP_ANALYSIS = YES;
				CLANG_WARN_STRICT_PROTOTYPES = YES;
				CLANG_WARN_SUSPICIOUS_MOVE = YES;
				CLANG_WARN_UNGUARDED_AVAILABILITY = YES_AGGRESSIVE;
				CLANG_WARN_UNREACHABLE_CODE = YES;
				CLANG_WARN__DUPLICATE_METHOD_MATCH = YES;
				COPY_PHASE_STRIP = NO;
				DEBUG_INFORMATION_FORMAT = "dwarf-with-dsym";
				ENABLE_NS_ASSERTIONS = NO;
				ENABLE_STRICT_OBJC_MSGSEND = YES;
				ENABLE_USER_SCRIPT_SANDBOXING = NO;
				GCC_C_LANGUAGE_STANDARD = gnu17;
				GCC_NO_COMMON_BLOCKS = YES;
				GCC_WARN_64_TO_32_BIT_CONVERSION = YES;
				GCC_WARN_ABOUT_RETURN_TYPE = YES_ERROR;
				GCC_WARN_UNDECLARED_SELECTOR = YES;
				GCC_WARN_UNINITIALIZED_AUTOS = YES_AGGRESSIVE;
				GCC_WARN_UNUSED_FUNCTION = YES;
				GCC_WARN_UNUSED_VARIABLE = YES;
				IPHONEOS_DEPLOYMENT_TARGET = 18.2;
				LOCALIZATION_PREFERS_STRING_CATALOGS = YES;
				MTL_ENABLE_DEBUG_INFO = NO;
				MTL_FAST_MATH = YES;
				SDKROOT = iphoneos;
				SWIFT_COMPILATION_MODE = wholemodule;
				VALIDATE_PRODUCT = YES;
			};
			name = Release;
		};
/* End XCBuildConfiguration section */

/* Begin XCConfigurationList section */
		4044CBC6D276C05D2BD4206A /* Build configuration list for PBXProject "ios" */ = {
			isa = XCConfigurationList;
			buildConfigurations = (
				E33049589AD3732A7E5E69A1 /* Debug */,
				F06950E69B5FEFAC959B3C55 /* Release */,
			);
			defaultConfigurationIsVisible = 0;
			defaultConfigurationName = Release;
		};
		4426731625CD145AF499FAB6 /* Build configuration list for PBXNativeTarget "Sample" */ = {
			isa = XCConfigurationList;
			buildConfigurations = (
				43E674DD0CD2D0ED746A1736 /* Debug */,
				40433A04DCF7A04329CA0F98 /* Release */,
			);
			defaultConfigurationIsVisible = 0;
			defaultConfigurationName = Release;
		};
		DBDF14842ED0CD50007178BC /* Build configuration list for PBXNativeTarget "LiveActivity" */ = {
			isa = XCConfigurationList;
			buildConfigurations = (
				DBDF14852ED0CD50007178BC /* Debug */,
				DBDF14862ED0CD50007178BC /* Release */,
			);
			defaultConfigurationIsVisible = 0;
			defaultConfigurationName = Release;
		};
/* End XCConfigurationList section */

/* Begin XCLocalSwiftPackageReference section */
		DBDF14942ED0D7E5007178BC /* XCLocalSwiftPackageReference "../../../kmp-live-activity" */ = {
			isa = XCLocalSwiftPackageReference;
			relativePath = "../../../kmp-live-activity";
		};
/* End XCLocalSwiftPackageReference section */

/* Begin XCSwiftPackageProductDependency section */
		DBDF14922ED0D7D0007178BC /* KMPLiveActivity */ = {
			isa = XCSwiftPackageProductDependency;
			productName = KMPLiveActivity;
		};
		DBDF14952ED0D7E5007178BC /* KMPLiveActivity */ = {
			isa = XCSwiftPackageProductDependency;
			productName = KMPLiveActivity;
		};
/* End XCSwiftPackageProductDependency section */
	};
	rootObject = FE98294451A1DB235D63B4AA /* Project object */;
}
