{
  "originHash" : "d9ccbe89c3ff8ac0d640494c2e17961e41ca2de1f9442dfa530890e565c7ce35",
  "pins" : [
    {
      "identity" : "expo-live-activity",
      "kind" : "remoteSourceControl",
      "location" : "https://github.com/software-mansion-labs/expo-live-activity.git",
      "state" : {
        "branch" : "5f5fb56",
        "revision" : "5f5fb565bee720fb27fb91eb30b6b7ccd007474a"
      }
    }
  ],
  "version" : 3
}
